
Microsoft Visual Studio Solution File, Format Version 12.00
# Visual Studio Version 17
VisualStudioVersion = 17.14.36202.13 d17.14
MinimumVisualStudioVersion = 10.0.40219.1
Project("{FAE04EC0-301F-11D3-BF4B-00C04F79EFBC}") = "Task.Api", "Task.Api\Task.Api.csproj", "{6B8941CE-2AAF-44BE-95DC-7099FEFC74AB}"
EndProject
Project("{FAE04EC0-301F-11D3-BF4B-00C04F79EFBC}") = "Task.Data", "Task.Data\Task.Data.csproj", "{F937D55E-68D9-40C1-AC54-2F9BD689CB30}"
EndProject
Project("{FAE04EC0-301F-11D3-BF4B-00C04F79EFBC}") = "Task.Infrastructure", "Task.Infrastructure\Task.Infrastructure.csproj", "{008F6F72-12A5-4AFB-ADB8-3BB96F18B513}"
EndProject
Project("{FAE04EC0-301F-11D3-BF4B-00C04F79EFBC}") = "Task.Services", "Task.Services\Task.Services.csproj", "{B70C4200-009A-4EA4-883D-796124A38A76}"
EndProject
Project("{FAE04EC0-301F-11D3-BF4B-00C04F79EFBC}") = "Task.Core", "Task.Core\Task.Core.csproj", "{A8301F10-244D-452B-8AD0-3C8CF36B568F}"
EndProject
Global
	GlobalSection(SolutionConfigurationPlatforms) = preSolution
		Debug|Any CPU = Debug|Any CPU
		Release|Any CPU = Release|Any CPU
	EndGlobalSection
	GlobalSection(ProjectConfigurationPlatforms) = postSolution
		{6B8941CE-2AAF-44BE-95DC-7099FEFC74AB}.Debug|Any CPU.ActiveCfg = Debug|Any CPU
		{6B8941CE-2AAF-44BE-95DC-7099FEFC74AB}.Debug|Any CPU.Build.0 = Debug|Any CPU
		{6B8941CE-2AAF-44BE-95DC-7099FEFC74AB}.Release|Any CPU.ActiveCfg = Release|Any CPU
		{6B8941CE-2AAF-44BE-95DC-7099FEFC74AB}.Release|Any CPU.Build.0 = Release|Any CPU
		{F937D55E-68D9-40C1-AC54-2F9BD689CB30}.Debug|Any CPU.ActiveCfg = Debug|Any CPU
		{F937D55E-68D9-40C1-AC54-2F9BD689CB30}.Debug|Any CPU.Build.0 = Debug|Any CPU
		{F937D55E-68D9-40C1-AC54-2F9BD689CB30}.Release|Any CPU.ActiveCfg = Release|Any CPU
		{F937D55E-68D9-40C1-AC54-2F9BD689CB30}.Release|Any CPU.Build.0 = Release|Any CPU
		{008F6F72-12A5-4AFB-ADB8-3BB96F18B513}.Debug|Any CPU.ActiveCfg = Debug|Any CPU
		{008F6F72-12A5-4AFB-ADB8-3BB96F18B513}.Debug|Any CPU.Build.0 = Debug|Any CPU
		{008F6F72-12A5-4AFB-ADB8-3BB96F18B513}.Release|Any CPU.ActiveCfg = Release|Any CPU
		{008F6F72-12A5-4AFB-ADB8-3BB96F18B513}.Release|Any CPU.Build.0 = Release|Any CPU
		{B70C4200-009A-4EA4-883D-796124A38A76}.Debug|Any CPU.ActiveCfg = Debug|Any CPU
		{B70C4200-009A-4EA4-883D-796124A38A76}.Debug|Any CPU.Build.0 = Debug|Any CPU
		{B70C4200-009A-4EA4-883D-796124A38A76}.Release|Any CPU.ActiveCfg = Release|Any CPU
		{B70C4200-009A-4EA4-883D-796124A38A76}.Release|Any CPU.Build.0 = Release|Any CPU
		{A8301F10-244D-452B-8AD0-3C8CF36B568F}.Debug|Any CPU.ActiveCfg = Debug|Any CPU
		{A8301F10-244D-452B-8AD0-3C8CF36B568F}.Debug|Any CPU.Build.0 = Debug|Any CPU
		{A8301F10-244D-452B-8AD0-3C8CF36B568F}.Release|Any CPU.ActiveCfg = Release|Any CPU
		{A8301F10-244D-452B-8AD0-3C8CF36B568F}.Release|Any CPU.Build.0 = Release|Any CPU
	EndGlobalSection
	GlobalSection(SolutionProperties) = preSolution
		HideSolutionNode = FALSE
	EndGlobalSection
	GlobalSection(ExtensibilityGlobals) = postSolution
		SolutionGuid = {F58185A9-7EAA-425D-80CD-CF7A4A962BB6}
	EndGlobalSection
EndGlobal
